// !$*UTF8*$!
{
	archiveVersion = 1;
	classes = {
	};
	objectVersion = 50;
	objects = {

/* Begin PBXBuildFile section */
		84030ACD21FB44D00064260D /* DetailViewController.swift in Sources */ = {isa = PBXBuildFile; fileRef = 84030ACC21FB44D00064260D /* DetailViewController.swift */; };
		84030AD121FB50090064260D /* BrDetailTableViewCell.swift in Sources */ = {isa = PBXBuildFile; fileRef = 84030AD021FB50090064260D /* BrDetailTableViewCell.swift */; };
		840B667921F87E81004A6BCA /* AppDelegate.swift in Sources */ = {isa = PBXBuildFile; fileRef = 840B667821F87E81004A6BCA /* AppDelegate.swift */; };
		840B667E21F87E81004A6BCA /* Main.storyboard in Resources */ = {isa = PBXBuildFile; fileRef = 840B667C21F87E81004A6BCA /* Main.storyboard */; };
		840B668021F87E81004A6BCA /* Assets.xcassets in Resources */ = {isa = PBXBuildFile; fileRef = 840B667F21F87E81004A6BCA /* Assets.xcassets */; };
		840B668321F87E81004A6BCA /* LaunchScreen.storyboard in Resources */ = {isa = PBXBuildFile; fileRef = 840B668121F87E81004A6BCA /* LaunchScreen.storyboard */; };
		840B668B21F87F28004A6BCA /* BrackfastsTableViewController.swift in Sources */ = {isa = PBXBuildFile; fileRef = 840B668A21F87F28004A6BCA /* BrackfastsTableViewController.swift */; };
		840F18222201B49800EDBCCF /* RateViewController.swift in Sources */ = {isa = PBXBuildFile; fileRef = 840F18212201B49800EDBCCF /* RateViewController.swift */; };
		840F18242202FA5700EDBCCF /* MapViewController.swift in Sources */ = {isa = PBXBuildFile; fileRef = 840F18232202FA5700EDBCCF /* MapViewController.swift */; };
		840F18292202FC2A00EDBCCF /* MapKit.framework in Frameworks */ = {isa = PBXBuildFile; fileRef = 840F18282202FC2A00EDBCCF /* MapKit.framework */; };
		840F182B2209F2A800EDBCCF /* NewBreakTableViewController.swift in Sources */ = {isa = PBXBuildFile; fileRef = 840F182A2209F2A800EDBCCF /* NewBreakTableViewController.swift */; };
		840F184E220B14EF00EDBCCF /* CoreDataStack.swift in Sources */ = {isa = PBXBuildFile; fileRef = 840F184D220B14EF00EDBCCF /* CoreDataStack.swift */; };
		840F1851220B164100EDBCCF /* Brackfasts.xcdatamodeld in Sources */ = {isa = PBXBuildFile; fileRef = 840F184F220B164100EDBCCF /* Brackfasts.xcdatamodeld */; };
		84EE345A21F9959A001027E2 /* BrackfastsTableViewCell.swift in Sources */ = {isa = PBXBuildFile; fileRef = 84EE345921F9959A001027E2 /* BrackfastsTableViewCell.swift */; };
/* End PBXBuildFile section */

/* Begin PBXFileReference section */
		84030ACC21FB44D00064260D /* DetailViewController.swift */ = {isa = PBXFileReference; lastKnownFileType = sourcecode.swift; path = DetailViewController.swift; sourceTree = "<group>"; };
		84030AD021FB50090064260D /* BrDetailTableViewCell.swift */ = {isa = PBXFileReference; lastKnownFileType = sourcecode.swift; path = BrDetailTableViewCell.swift; sourceTree = "<group>"; };
		840B667521F87E81004A6BCA /* brackfasts.app */ = {isa = PBXFileReference; explicitFileType = wrapper.application; includeInIndex = 0; path = brackfasts.app; sourceTree = BUILT_PRODUCTS_DIR; };
		840B667821F87E81004A6BCA /* AppDelegate.swift */ = {isa = PBXFileReference; lastKnownFileType = sourcecode.swift; path = AppDelegate.swift; sourceTree = "<group>"; };
		840B667D21F87E81004A6BCA /* Base */ = {isa = PBXFileReference; lastKnownFileType = file.storyboard; name = Base; path = Base.lproj/Main.storyboard; sourceTree = "<group>"; };
		840B667F21F87E81004A6BCA /* Assets.xcassets */ = {isa = PBXFileReference; lastKnownFileType = folder.assetcatalog; path = Assets.xcassets; sourceTree = "<group>"; };
		840B668221F87E81004A6BCA /* Base */ = {isa = PBXFileReference; lastKnownFileType = file.storyboard; name = Base; path = Base.lproj/LaunchScreen.storyboard; sourceTree = "<group>"; };
		840B668421F87E81004A6BCA /* Info.plist */ = {isa = PBXFileReference; lastKnownFileType = text.plist.xml; path = Info.plist; sourceTree = "<group>"; };
		840B668A21F87F28004A6BCA /* BrackfastsTableViewController.swift */ = {isa = PBXFileReference; lastKnownFileType = sourcecode.swift; path = BrackfastsTableViewController.swift; sourceTree = "<group>"; };
		840F18212201B49800EDBCCF /* RateViewController.swift */ = {isa = PBXFileReference; lastKnownFileType = sourcecode.swift; path = RateViewController.swift; sourceTree = "<group>"; };
		840F18232202FA5700EDBCCF /* MapViewController.swift */ = {isa = PBXFileReference; lastKnownFileType = sourcecode.swift; path = MapViewController.swift; sourceTree = "<group>"; };
		840F18282202FC2A00EDBCCF /* MapKit.framework */ = {isa = PBXFileReference; lastKnownFileType = wrapper.framework; name = MapKit.framework; path = System/Library/Frameworks/MapKit.framework; sourceTree = SDKROOT; };
		840F182A2209F2A800EDBCCF /* NewBreakTableViewController.swift */ = {isa = PBXFileReference; lastKnownFileType = sourcecode.swift; path = NewBreakTableViewController.swift; sourceTree = "<group>"; };
		840F184D220B14EF00EDBCCF /* CoreDataStack.swift */ = {isa = PBXFileReference; lastKnownFileType = sourcecode.swift; path = CoreDataStack.swift; sourceTree = "<group>"; };
		840F1850220B164100EDBCCF /* Brackfasts.xcdatamodel */ = {isa = PBXFileReference; lastKnownFileType = wrapper.xcdatamodel; path = Brackfasts.xcdatamodel; sourceTree = "<group>"; };
		84EE345921F9959A001027E2 /* BrackfastsTableViewCell.swift */ = {isa = PBXFileReference; lastKnownFileType = sourcecode.swift; path = BrackfastsTableViewCell.swift; sourceTree = "<group>"; };
/* End PBXFileReference section */

/* Begin PBXFrameworksBuildPhase section */
		840B667221F87E81004A6BCA /* Frameworks */ = {
			isa = PBXFrameworksBuildPhase;
			buildActionMask = 2147483647;
			files = (
				840F18292202FC2A00EDBCCF /* MapKit.framework in Frameworks */,
			);
			runOnlyForDeploymentPostprocessing = 0;
		};
/* End PBXFrameworksBuildPhase section */

/* Begin PBXGroup section */
		84030AD221FB501F0064260D /* Detail */ = {
			isa = PBXGroup;
			children = (
				84030AD021FB50090064260D /* BrDetailTableViewCell.swift */,
				84030ACC21FB44D00064260D /* DetailViewController.swift */,
			);
			path = Detail;
			sourceTree = "<group>";
		};
		840B666C21F87E81004A6BCA = {
			isa = PBXGroup;
			children = (
				840B667721F87E81004A6BCA /* brackfasts */,
				840B667621F87E81004A6BCA /* Products */,
				840F18272202FC2A00EDBCCF /* Frameworks */,
			);
			sourceTree = "<group>";
		};
		840B667621F87E81004A6BCA /* Products */ = {
			isa = PBXGroup;
			children = (
				840B667521F87E81004A6BCA /* brackfasts.app */,
			);
			name = Products;
			sourceTree = "<group>";
		};
		840B667721F87E81004A6BCA /* brackfasts */ = {
			isa = PBXGroup;
			children = (
				840B667821F87E81004A6BCA /* AppDelegate.swift */,
				840B667C21F87E81004A6BCA /* Main.storyboard */,
				840F182A2209F2A800EDBCCF /* NewBreakTableViewController.swift */,
				840F184D220B14EF00EDBCCF /* CoreDataStack.swift */,
				840F18232202FA5700EDBCCF /* MapViewController.swift */,
				840F18212201B49800EDBCCF /* RateViewController.swift */,
				84030AD221FB501F0064260D /* Detail */,
				84EE345921F9959A001027E2 /* BrackfastsTableViewCell.swift */,
				840B668A21F87F28004A6BCA /* BrackfastsTableViewController.swift */,
				840B667F21F87E81004A6BCA /* Assets.xcassets */,
				840B668121F87E81004A6BCA /* LaunchScreen.storyboard */,
				840F184F220B164100EDBCCF /* Brackfasts.xcdatamodeld */,
				840B668421F87E81004A6BCA /* Info.plist */,
			);
			path = brackfasts;
			sourceTree = "<group>";
		};
		840F18272202FC2A00EDBCCF /* Frameworks */ = {
			isa = PBXGroup;
			children = (
				840F18282202FC2A00EDBCCF /* MapKit.framework */,
			);
			name = Frameworks;
			sourceTree = "<group>";
		};
/* End PBXGroup section */

/* Begin PBXNativeTarget section */
		840B667421F87E81004A6BCA /* brackfasts */ = {
			isa = PBXNativeTarget;
			buildConfigurationList = 840B668721F87E81004A6BCA /* Build configuration list for PBXNativeTarget "brackfasts" */;
			buildPhases = (
				840B667121F87E81004A6BCA /* Sources */,
				840B667221F87E81004A6BCA /* Frameworks */,
				840B667321F87E81004A6BCA /* Resources */,
			);
			buildRules = (
			);
			dependencies = (
			);
			name = brackfasts;
			productName = brackfasts;
			productReference = 840B667521F87E81004A6BCA /* brackfasts.app */;
			productType = "com.apple.product-type.application";
		};
/* End PBXNativeTarget section */

/* Begin PBXProject section */
		840B666D21F87E81004A6BCA /* Project object */ = {
			isa = PBXProject;
			attributes = {
				LastSwiftUpdateCheck = 1010;
				LastUpgradeCheck = 1010;
				ORGANIZATIONNAME = Admin;
				TargetAttributes = {
					840B667421F87E81004A6BCA = {
						CreatedOnToolsVersion = 10.1;
						SystemCapabilities = {
							com.apple.Maps.iOS = {
								enabled = 1;
							};
						};
					};
				};
			};
			buildConfigurationList = 840B667021F87E81004A6BCA /* Build configuration list for PBXProject "brackfasts" */;
			compatibilityVersion = "Xcode 9.3";
			developmentRegion = en;
			hasScannedForEncodings = 0;
			knownRegions = (
				en,
				Base,
			);
			mainGroup = 840B666C21F87E81004A6BCA;
			productRefGroup = 840B667621F87E81004A6BCA /* Products */;
			projectDirPath = "";
			projectRoot = "";
			targets = (
				840B667421F87E81004A6BCA /* brackfasts */,
			);
		};
/* End PBXProject section */

/* Begin PBXResourcesBuildPhase section */
		840B667321F87E81004A6BCA /* Resources */ = {
			isa = PBXResourcesBuildPhase;
			buildActionMask = 2147483647;
			files = (
				840B668321F87E81004A6BCA /* LaunchScreen.storyboard in Resources */,
				840B668021F87E81004A6BCA /* Assets.xcassets in Resources */,
				840B667E21F87E81004A6BCA /* Main.storyboard in Resources */,
			);
			runOnlyForDeploymentPostprocessing = 0;
		};
/* End PBXResourcesBuildPhase section */

/* Begin PBXSourcesBuildPhase section */
		840B667121F87E81004A6BCA /* Sources */ = {
			isa = PBXSourcesBuildPhase;
			buildActionMask = 2147483647;
			files = (
				84EE345A21F9959A001027E2 /* BrackfastsTableViewCell.swift in Sources */,
				840B667921F87E81004A6BCA /* AppDelegate.swift in Sources */,
				840B668B21F87F28004A6BCA /* BrackfastsTableViewController.swift in Sources */,
				840F1851220B164100EDBCCF /* Brackfasts.xcdatamodeld in Sources */,
				84030ACD21FB44D00064260D /* DetailViewController.swift in Sources */,
				84030AD121FB50090064260D /* BrDetailTableViewCell.swift in Sources */,
				840F184E220B14EF00EDBCCF /* CoreDataStack.swift in Sources */,
				840F182B2209F2A800EDBCCF /* NewBreakTableViewController.swift in Sources */,
				840F18222201B49800EDBCCF /* RateViewController.swift in Sources */,
				840F18242202FA5700EDBCCF /* MapViewController.swift in Sources */,
			);
			runOnlyForDeploymentPostprocessing = 0;
		};
/* End PBXSourcesBuildPhase section */

/* Begin PBXVariantGroup section */
		840B667C21F87E81004A6BCA /* Main.storyboard */ = {
			isa = PBXVariantGroup;
			children = (
				840B667D21F87E81004A6BCA /* Base */,
			);
			name = Main.storyboard;
			sourceTree = "<group>";
		};
		840B668121F87E81004A6BCA /* LaunchScreen.storyboard */ = {
			isa = PBXVariantGroup;
			children = (
				840B668221F87E81004A6BCA /* Base */,
			);
			name = LaunchScreen.storyboard;
			sourceTree = "<group>";
		};
/* End PBXVariantGroup section */

/* Begin XCBuildConfiguration section */
		840B668521F87E81004A6BCA /* Debug */ = {
			isa = XCBuildConfiguration;
			buildSettings = {
				ALWAYS_SEARCH_USER_PATHS = NO;
				CLANG_ANALYZER_NONNULL = YES;
				CLANG_ANALYZER_NUMBER_OBJECT_CONVERSION = YES_AGGRESSIVE;
				CLANG_CXX_LANGUAGE_STANDARD = "gnu++14";
				CLANG_CXX_LIBRARY = "libc++";
				CLANG_ENABLE_MODULES = YES;
				CLANG_ENABLE_OBJC_ARC = YES;
				CLANG_ENABLE_OBJC_WEAK = YES;
				CLANG_WARN_BLOCK_CAPTURE_AUTORELEASING = YES;
				CLANG_WARN_BOOL_CONVERSION = YES;
				CLANG_WARN_COMMA = YES;
				CLANG_WARN_CONSTANT_CONVERSION = YES;
				CLANG_WARN_DEPRECATED_OBJC_IMPLEMENTATIONS = YES;
				CLANG_WARN_DIRECT_OBJC_ISA_USAGE = YES_ERROR;
				CLANG_WARN_DOCUMENTATION_COMMENTS = YES;
				CLANG_WARN_EMPTY_BODY = YES;
				CLANG_WARN_ENUM_CONVERSION = YES;
				CLANG_WARN_INFINITE_RECURSION = YES;
				CLANG_WARN_INT_CONVERSION = YES;
				CLANG_WARN_NON_LITERAL_NULL_CONVERSION = YES;
				CLANG_WARN_OBJC_IMPLICIT_RETAIN_SELF = YES;
				CLANG_WARN_OBJC_LITERAL_CONVERSION = YES;
				CLANG_WARN_OBJC_ROOT_CLASS = YES_ERROR;
				CLANG_WARN_RANGE_LOOP_ANALYSIS = YES;
				CLANG_WARN_STRICT_PROTOTYPES = YES;
				CLANG_WARN_SUSPICIOUS_MOVE = YES;
				CLANG_WARN_UNGUARDED_AVAILABILITY = YES_AGGRESSIVE;
				CLANG_WARN_UNREACHABLE_CODE = YES;
				CLANG_WARN__DUPLICATE_METHOD_MATCH = YES;
				CODE_SIGN_IDENTITY = "iPhone Developer";
				COPY_PHASE_STRIP = NO;
				DEBUG_INFORMATION_FORMAT = dwarf;
				ENABLE_STRICT_OBJC_MSGSEND = YES;
				ENABLE_TESTABILITY = YES;
				GCC_C_LANGUAGE_STANDARD = gnu11;
				GCC_DYNAMIC_NO_PIC = NO;
				GCC_NO_COMMON_BLOCKS = YES;
				GCC_OPTIMIZATION_LEVEL = 0;
				GCC_PREPROCESSOR_DEFINITIONS = (
					"DEBUG=1",
					"$(inherited)",
				);
				GCC_WARN_64_TO_32_BIT_CONVERSION = YES;
				GCC_WARN_ABOUT_RETURN_TYPE = YES_ERROR;
				GCC_WARN_UNDECLARED_SELECTOR = YES;
				GCC_WARN_UNINITIALIZED_AUTOS = YES_AGGRESSIVE;
				GCC_WARN_UNUSED_FUNCTION = YES;
				GCC_WARN_UNUSED_VARIABLE = YES;
				IPHONEOS_DEPLOYMENT_TARGET = 12.1;
				MTL_ENABLE_DEBUG_INFO = INCLUDE_SOURCE;
				MTL_FAST_MATH = YES;
				ONLY_ACTIVE_ARCH = YES;
				SDKROOT = iphoneos;
				SWIFT_ACTIVE_COMPILATION_CONDITIONS = DEBUG;
				SWIFT_OPTIMIZATION_LEVEL = "-Onone";
			};
			name = Debug;
		};
		840B668621F87E81004A6BCA /* Release */ = {
			isa = XCBuildConfiguration;
			buildSettings = {
				ALWAYS_SEARCH_USER_PATHS = NO;
				CLANG_ANALYZER_NONNULL = YES;
				CLANG_ANALYZER_NUMBER_OBJECT_CONVERSION = YES_AGGRESSIVE;
				CLANG_CXX_LANGUAGE_STANDARD = "gnu++14";
				CLANG_CXX_LIBRARY = "libc++";
				CLANG_ENABLE_MODULES = YES;
				CLANG_ENABLE_OBJC_ARC = YES;
				CLANG_ENABLE_OBJC_WEAK = YES;
				CLANG_WARN_BLOCK_CAPTURE_AUTORELEASING = YES;
				CLANG_WARN_BOOL_CONVERSION = YES;
				CLANG_WARN_COMMA = YES;
				CLANG_WARN_CONSTANT_CONVERSION = YES;
				CLANG_WARN_DEPRECATED_OBJC_IMPLEMENTATIONS = YES;
				CLANG_WARN_DIRECT_OBJC_ISA_USAGE = YES_ERROR;
				CLANG_WARN_DOCUMENTATION_COMMENTS = YES;
				CLANG_WARN_EMPTY_BODY = YES;
				CLANG_WARN_ENUM_CONVERSION = YES;
				CLANG_WARN_INFINITE_RECURSION = YES;
				CLANG_WARN_INT_CONVERSION = YES;
				CLANG_WARN_NON_LITERAL_NULL_CONVERSION = YES;
				CLANG_WARN_OBJC_IMPLICIT_RETAIN_SELF = YES;
				CLANG_WARN_OBJC_LITERAL_CONVERSION = YES;
				CLANG_WARN_OBJC_ROOT_CLASS = YES_ERROR;
				CLANG_WARN_RANGE_LOOP_ANALYSIS = YES;
				CLANG_WARN_STRICT_PROTOTYPES = YES;
				CLANG_WARN_SUSPICIOUS_MOVE = YES;
				CLANG_WARN_UNGUARDED_AVAILABILITY = YES_AGGRESSIVE;
				CLANG_WARN_UNREACHABLE_CODE = YES;
				CLANG_WARN__DUPLICATE_METHOD_MATCH = YES;
				CODE_SIGN_IDENTITY = "iPhone Developer";
				COPY_PHASE_STRIP = NO;
				DEBUG_INFORMATION_FORMAT = "dwarf-with-dsym";
				ENABLE_NS_ASSERTIONS = NO;
				ENABLE_STRICT_OBJC_MSGSEND = YES;
				GCC_C_LANGUAGE_STANDARD = gnu11;
				GCC_NO_COMMON_BLOCKS = YES;
				GCC_WARN_64_TO_32_BIT_CONVERSION = YES;
				GCC_WARN_ABOUT_RETURN_TYPE = YES_ERROR;
				GCC_WARN_UNDECLARED_SELECTOR = YES;
				GCC_WARN_UNINITIALIZED_AUTOS = YES_AGGRESSIVE;
				GCC_WARN_UNUSED_FUNCTION = YES;
				GCC_WARN_UNUSED_VARIABLE = YES;
				IPHONEOS_DEPLOYMENT_TARGET = 12.1;
				MTL_ENABLE_DEBUG_INFO = NO;
				MTL_FAST_MATH = YES;
				SDKROOT = iphoneos;
				SWIFT_COMPILATION_MODE = wholemodule;
				SWIFT_OPTIMIZATION_LEVEL = "-O";
				VALIDATE_PRODUCT = YES;
			};
			name = Release;
		};
		840B668821F87E81004A6BCA /* Debug */ = {
			isa = XCBuildConfiguration;
			buildSettings = {
				ASSETCATALOG_COMPILER_APPICON_NAME = AppIcon;
				CODE_SIGN_STYLE = Automatic;
				DEVELOPMENT_TEAM = YR78UHPG2L;
				INFOPLIST_FILE = brackfasts/Info.plist;
				LD_RUNPATH_SEARCH_PATHS = (
					"$(inherited)",
					"@executable_path/Frameworks",
				);
				PRODUCT_BUNDLE_IDENTIFIER = hulkCrush.brackfasts;
				PRODUCT_NAME = "$(TARGET_NAME)";
				SWIFT_VERSION = 4.2;
				TARGETED_DEVICE_FAMILY = "1,2";
			};
			name = Debug;
		};
		840B668921F87E81004A6BCA /* Release */ = {
			isa = XCBuildConfiguration;
			buildSettings = {
				ASSETCATALOG_COMPILER_APPICON_NAME = AppIcon;
				CODE_SIGN_STYLE = Automatic;
				DEVELOPMENT_TEAM = YR78UHPG2L;
				INFOPLIST_FILE = brackfasts/Info.plist;
				LD_RUNPATH_SEARCH_PATHS = (
					"$(inherited)",
					"@executable_path/Frameworks",
				);
				PRODUCT_BUNDLE_IDENTIFIER = hulkCrush.brackfasts;
				PRODUCT_NAME = "$(TARGET_NAME)";
				SWIFT_VERSION = 4.2;
				TARGETED_DEVICE_FAMILY = "1,2";
			};
			name = Release;
		};
/* End XCBuildConfiguration section */

/* Begin XCConfigurationList section */
		840B667021F87E81004A6BCA /* Build configuration list for PBXProject "brackfasts" */ = {
			isa = XCConfigurationList;
			buildConfigurations = (
				840B668521F87E81004A6BCA /* Debug */,
				840B668621F87E81004A6BCA /* Release */,
			);
			defaultConfigurationIsVisible = 0;
			defaultConfigurationName = Release;
		};
		840B668721F87E81004A6BCA /* Build configuration list for PBXNativeTarget "brackfasts" */ = {
			isa = XCConfigurationList;
			buildConfigurations = (
				840B668821F87E81004A6BCA /* Debug */,
				840B668921F87E81004A6BCA /* Release */,
			);
			defaultConfigurationIsVisible = 0;
			defaultConfigurationName = Release;
		};
/* End XCConfigurationList section */

/* Begin XCVersionGroup section */
		840F184F220B164100EDBCCF /* Brackfasts.xcdatamodeld */ = {
			isa = XCVersionGroup;
			children = (
				840F1850220B164100EDBCCF /* Brackfasts.xcdatamodel */,
			);
			currentVersion = 840F1850220B164100EDBCCF /* Brackfasts.xcdatamodel */;
			path = Brackfasts.xcdatamodeld;
			sourceTree = "<group>";
			versionGroupType = wrapper.xcdatamodel;
		};
/* End XCVersionGroup section */
	};
	rootObject = 840B666D21F87E81004A6BCA /* Project object */;
}
