// !$*UTF8*$!
{
	archiveVersion = 1;
	classes = {
	};
	objectVersion = 50;
	objects = {

/* Begin PBXBuildFile section */
		842684B122428ED80035BF23 /* Background.swift in Sources */ = {isa = PBXBuildFile; fileRef = 842684B022428ED80035BF23 /* Background.swift */; };
		842684B3224290F50035BF23 /* Island.swift in Sources */ = {isa = PBXBuildFile; fileRef = 842684B2224290F50035BF23 /* Island.swift */; };
		842684B52244DC980035BF23 /* Cloud.swift in Sources */ = {isa = PBXBuildFile; fileRef = 842684B42244DC980035BF23 /* Cloud.swift */; };
		842684B72244E3780035BF23 /* PlayerPlane.swift in Sources */ = {isa = PBXBuildFile; fileRef = 842684B62244E3780035BF23 /* PlayerPlane.swift */; };
		842684B92244E5110035BF23 /* PlayerPlane.atlas in Resources */ = {isa = PBXBuildFile; fileRef = 842684B82244E5110035BF23 /* PlayerPlane.atlas */; };
		842684BB22452D510035BF23 /* GameBackgroudSpriteable+Extencion.swift in Sources */ = {isa = PBXBuildFile; fileRef = 842684BA22452D510035BF23 /* GameBackgroudSpriteable+Extencion.swift */; };
		842684BD22491E8A0035BF23 /* PowerUp.swift in Sources */ = {isa = PBXBuildFile; fileRef = 842684BC22491E8A0035BF23 /* PowerUp.swift */; };
		842684C0224927C00035BF23 /* Enemy.swift in Sources */ = {isa = PBXBuildFile; fileRef = 842684BF224927C00035BF23 /* Enemy.swift */; };
		842684C2224928550035BF23 /* Enemy_1.atlas in Resources */ = {isa = PBXBuildFile; fileRef = 842684C1224928550035BF23 /* Enemy_1.atlas */; };
		84D26C1222428C2B0007DBFA /* AppDelegate.swift in Sources */ = {isa = PBXBuildFile; fileRef = 84D26C1122428C2B0007DBFA /* AppDelegate.swift */; };
		84D26C1822428C2B0007DBFA /* GameScene.swift in Sources */ = {isa = PBXBuildFile; fileRef = 84D26C1722428C2B0007DBFA /* GameScene.swift */; };
		84D26C1A22428C2B0007DBFA /* GameViewController.swift in Sources */ = {isa = PBXBuildFile; fileRef = 84D26C1922428C2B0007DBFA /* GameViewController.swift */; };
		84D26C1D22428C2B0007DBFA /* Main.storyboard in Resources */ = {isa = PBXBuildFile; fileRef = 84D26C1B22428C2B0007DBFA /* Main.storyboard */; };
		84D26C1F22428C2C0007DBFA /* Assets.xcassets in Resources */ = {isa = PBXBuildFile; fileRef = 84D26C1E22428C2C0007DBFA /* Assets.xcassets */; };
		84D26C2222428C2C0007DBFA /* LaunchScreen.storyboard in Resources */ = {isa = PBXBuildFile; fileRef = 84D26C2022428C2C0007DBFA /* LaunchScreen.storyboard */; };
/* End PBXBuildFile section */

/* Begin PBXFileReference section */
		842684B022428ED80035BF23 /* Background.swift */ = {isa = PBXFileReference; lastKnownFileType = sourcecode.swift; path = Background.swift; sourceTree = "<group>"; };
		842684B2224290F50035BF23 /* Island.swift */ = {isa = PBXFileReference; lastKnownFileType = sourcecode.swift; path = Island.swift; sourceTree = "<group>"; };
		842684B42244DC980035BF23 /* Cloud.swift */ = {isa = PBXFileReference; lastKnownFileType = sourcecode.swift; path = Cloud.swift; sourceTree = "<group>"; };
		842684B62244E3780035BF23 /* PlayerPlane.swift */ = {isa = PBXFileReference; lastKnownFileType = sourcecode.swift; path = PlayerPlane.swift; sourceTree = "<group>"; };
		842684B82244E5110035BF23 /* PlayerPlane.atlas */ = {isa = PBXFileReference; lastKnownFileType = folder.skatlas; path = PlayerPlane.atlas; sourceTree = SOURCE_ROOT; };
		842684BA22452D510035BF23 /* GameBackgroudSpriteable+Extencion.swift */ = {isa = PBXFileReference; lastKnownFileType = sourcecode.swift; path = "GameBackgroudSpriteable+Extencion.swift"; sourceTree = "<group>"; };
		842684BC22491E8A0035BF23 /* PowerUp.swift */ = {isa = PBXFileReference; lastKnownFileType = sourcecode.swift; path = PowerUp.swift; sourceTree = "<group>"; };
		842684BE22491FC60035BF23 /* GreenPowerUp.atlas */ = {isa = PBXFileReference; lastKnownFileType = folder.skatlas; path = GreenPowerUp.atlas; sourceTree = "<group>"; };
		842684BF224927C00035BF23 /* Enemy.swift */ = {isa = PBXFileReference; lastKnownFileType = sourcecode.swift; path = Enemy.swift; sourceTree = "<group>"; };
		842684C1224928550035BF23 /* Enemy_1.atlas */ = {isa = PBXFileReference; lastKnownFileType = folder.skatlas; path = Enemy_1.atlas; sourceTree = SOURCE_ROOT; };
		84D26C0E22428C2B0007DBFA /* WarFly.app */ = {isa = PBXFileReference; explicitFileType = wrapper.application; includeInIndex = 0; path = WarFly.app; sourceTree = BUILT_PRODUCTS_DIR; };
		84D26C1122428C2B0007DBFA /* AppDelegate.swift */ = {isa = PBXFileReference; lastKnownFileType = sourcecode.swift; path = AppDelegate.swift; sourceTree = "<group>"; };
		84D26C1722428C2B0007DBFA /* GameScene.swift */ = {isa = PBXFileReference; lastKnownFileType = sourcecode.swift; path = GameScene.swift; sourceTree = "<group>"; };
		84D26C1922428C2B0007DBFA /* GameViewController.swift */ = {isa = PBXFileReference; lastKnownFileType = sourcecode.swift; path = GameViewController.swift; sourceTree = "<group>"; };
		84D26C1C22428C2B0007DBFA /* Base */ = {isa = PBXFileReference; lastKnownFileType = file.storyboard; name = Base; path = Base.lproj/Main.storyboard; sourceTree = "<group>"; };
		84D26C1E22428C2C0007DBFA /* Assets.xcassets */ = {isa = PBXFileReference; lastKnownFileType = folder.assetcatalog; path = Assets.xcassets; sourceTree = "<group>"; };
		84D26C2122428C2C0007DBFA /* Base */ = {isa = PBXFileReference; lastKnownFileType = file.storyboard; name = Base; path = Base.lproj/LaunchScreen.storyboard; sourceTree = "<group>"; };
		84D26C2322428C2C0007DBFA /* Info.plist */ = {isa = PBXFileReference; lastKnownFileType = text.plist.xml; path = Info.plist; sourceTree = "<group>"; };
/* End PBXFileReference section */

/* Begin PBXFrameworksBuildPhase section */
		84D26C0B22428C2B0007DBFA /* Frameworks */ = {
			isa = PBXFrameworksBuildPhase;
			buildActionMask = 2147483647;
			files = (
			);
			runOnlyForDeploymentPostprocessing = 0;
		};
/* End PBXFrameworksBuildPhase section */

/* Begin PBXGroup section */
		84D26C0522428C2B0007DBFA = {
			isa = PBXGroup;
			children = (
				84D26C1022428C2B0007DBFA /* WarFly */,
				84D26C0F22428C2B0007DBFA /* Products */,
			);
			sourceTree = "<group>";
		};
		84D26C0F22428C2B0007DBFA /* Products */ = {
			isa = PBXGroup;
			children = (
				84D26C0E22428C2B0007DBFA /* WarFly.app */,
			);
			name = Products;
			sourceTree = "<group>";
		};
		84D26C1022428C2B0007DBFA /* WarFly */ = {
			isa = PBXGroup;
			children = (
				84D26C1122428C2B0007DBFA /* AppDelegate.swift */,
				84D26C1722428C2B0007DBFA /* GameScene.swift */,
				842684B022428ED80035BF23 /* Background.swift */,
				842684B2224290F50035BF23 /* Island.swift */,
				842684B42244DC980035BF23 /* Cloud.swift */,
				842684B62244E3780035BF23 /* PlayerPlane.swift */,
				842684BF224927C00035BF23 /* Enemy.swift */,
				84D26C1922428C2B0007DBFA /* GameViewController.swift */,
				842684BC22491E8A0035BF23 /* PowerUp.swift */,
				842684BA22452D510035BF23 /* GameBackgroudSpriteable+Extencion.swift */,
				84D26C1B22428C2B0007DBFA /* Main.storyboard */,
				84D26C1E22428C2C0007DBFA /* Assets.xcassets */,
				842684C1224928550035BF23 /* Enemy_1.atlas */,
				842684BE22491FC60035BF23 /* GreenPowerUp.atlas */,
				842684B82244E5110035BF23 /* PlayerPlane.atlas */,
				84D26C2022428C2C0007DBFA /* LaunchScreen.storyboard */,
				84D26C2322428C2C0007DBFA /* Info.plist */,
			);
			path = WarFly;
			sourceTree = "<group>";
		};
/* End PBXGroup section */

/* Begin PBXNativeTarget section */
		84D26C0D22428C2B0007DBFA /* WarFly */ = {
			isa = PBXNativeTarget;
			buildConfigurationList = 84D26C2622428C2C0007DBFA /* Build configuration list for PBXNativeTarget "WarFly" */;
			buildPhases = (
				84D26C0A22428C2B0007DBFA /* Sources */,
				84D26C0B22428C2B0007DBFA /* Frameworks */,
				84D26C0C22428C2B0007DBFA /* Resources */,
			);
			buildRules = (
			);
			dependencies = (
			);
			name = WarFly;
			productName = WarFly;
			productReference = 84D26C0E22428C2B0007DBFA /* WarFly.app */;
			productType = "com.apple.product-type.application";
		};
/* End PBXNativeTarget section */

/* Begin PBXProject section */
		84D26C0622428C2B0007DBFA /* Project object */ = {
			isa = PBXProject;
			attributes = {
				LastSwiftUpdateCheck = 1010;
				LastUpgradeCheck = 1010;
				ORGANIZATIONNAME = Admin;
				TargetAttributes = {
					84D26C0D22428C2B0007DBFA = {
						CreatedOnToolsVersion = 10.1;
					};
				};
			};
			buildConfigurationList = 84D26C0922428C2B0007DBFA /* Build configuration list for PBXProject "WarFly" */;
			compatibilityVersion = "Xcode 9.3";
			developmentRegion = en;
			hasScannedForEncodings = 0;
			knownRegions = (
				en,
				Base,
			);
			mainGroup = 84D26C0522428C2B0007DBFA;
			productRefGroup = 84D26C0F22428C2B0007DBFA /* Products */;
			projectDirPath = "";
			projectRoot = "";
			targets = (
				84D26C0D22428C2B0007DBFA /* WarFly */,
			);
		};
/* End PBXProject section */

/* Begin PBXResourcesBuildPhase section */
		84D26C0C22428C2B0007DBFA /* Resources */ = {
			isa = PBXResourcesBuildPhase;
			buildActionMask = 2147483647;
			files = (
				84D26C1D22428C2B0007DBFA /* Main.storyboard in Resources */,
				842684B92244E5110035BF23 /* PlayerPlane.atlas in Resources */,
				84D26C1F22428C2C0007DBFA /* Assets.xcassets in Resources */,
				84D26C2222428C2C0007DBFA /* LaunchScreen.storyboard in Resources */,
				842684C2224928550035BF23 /* Enemy_1.atlas in Resources */,
			);
			runOnlyForDeploymentPostprocessing = 0;
		};
/* End PBXResourcesBuildPhase section */

/* Begin PBXSourcesBuildPhase section */
		84D26C0A22428C2B0007DBFA /* Sources */ = {
			isa = PBXSourcesBuildPhase;
			buildActionMask = 2147483647;
			files = (
				84D26C1822428C2B0007DBFA /* GameScene.swift in Sources */,
				842684BB22452D510035BF23 /* GameBackgroudSpriteable+Extencion.swift in Sources */,
				842684B72244E3780035BF23 /* PlayerPlane.swift in Sources */,
				842684B52244DC980035BF23 /* Cloud.swift in Sources */,
				84D26C1A22428C2B0007DBFA /* GameViewController.swift in Sources */,
				84D26C1222428C2B0007DBFA /* AppDelegate.swift in Sources */,
				842684C0224927C00035BF23 /* Enemy.swift in Sources */,
				842684B3224290F50035BF23 /* Island.swift in Sources */,
				842684BD22491E8A0035BF23 /* PowerUp.swift in Sources */,
				842684B122428ED80035BF23 /* Background.swift in Sources */,
			);
			runOnlyForDeploymentPostprocessing = 0;
		};
/* End PBXSourcesBuildPhase section */

/* Begin PBXVariantGroup section */
		84D26C1B22428C2B0007DBFA /* Main.storyboard */ = {
			isa = PBXVariantGroup;
			children = (
				84D26C1C22428C2B0007DBFA /* Base */,
			);
			name = Main.storyboard;
			sourceTree = "<group>";
		};
		84D26C2022428C2C0007DBFA /* LaunchScreen.storyboard */ = {
			isa = PBXVariantGroup;
			children = (
				84D26C2122428C2C0007DBFA /* Base */,
			);
			name = LaunchScreen.storyboard;
			sourceTree = "<group>";
		};
/* End PBXVariantGroup section */

/* Begin XCBuildConfiguration section */
		84D26C2422428C2C0007DBFA /* Debug */ = {
			isa = XCBuildConfiguration;
			buildSettings = {
				ALWAYS_SEARCH_USER_PATHS = NO;
				CLANG_ANALYZER_NONNULL = YES;
				CLANG_ANALYZER_NUMBER_OBJECT_CONVERSION = YES_AGGRESSIVE;
				CLANG_CXX_LANGUAGE_STANDARD = "gnu++14";
				CLANG_CXX_LIBRARY = "libc++";
				CLANG_ENABLE_MODULES = YES;
				CLANG_ENABLE_OBJC_ARC = YES;
				CLANG_ENABLE_OBJC_WEAK = YES;
				CLANG_WARN_BLOCK_CAPTURE_AUTORELEASING = YES;
				CLANG_WARN_BOOL_CONVERSION = YES;
				CLANG_WARN_COMMA = YES;
				CLANG_WARN_CONSTANT_CONVERSION = YES;
				CLANG_WARN_DEPRECATED_OBJC_IMPLEMENTATIONS = YES;
				CLANG_WARN_DIRECT_OBJC_ISA_USAGE = YES_ERROR;
				CLANG_WARN_DOCUMENTATION_COMMENTS = YES;
				CLANG_WARN_EMPTY_BODY = YES;
				CLANG_WARN_ENUM_CONVERSION = YES;
				CLANG_WARN_INFINITE_RECURSION = YES;
				CLANG_WARN_INT_CONVERSION = YES;
				CLANG_WARN_NON_LITERAL_NULL_CONVERSION = YES;
				CLANG_WARN_OBJC_IMPLICIT_RETAIN_SELF = YES;
				CLANG_WARN_OBJC_LITERAL_CONVERSION = YES;
				CLANG_WARN_OBJC_ROOT_CLASS = YES_ERROR;
				CLANG_WARN_RANGE_LOOP_ANALYSIS = YES;
				CLANG_WARN_STRICT_PROTOTYPES = YES;
				CLANG_WARN_SUSPICIOUS_MOVE = YES;
				CLANG_WARN_UNGUARDED_AVAILABILITY = YES_AGGRESSIVE;
				CLANG_WARN_UNREACHABLE_CODE = YES;
				CLANG_WARN__DUPLICATE_METHOD_MATCH = YES;
				CODE_SIGN_IDENTITY = "iPhone Developer";
				COPY_PHASE_STRIP = NO;
				DEBUG_INFORMATION_FORMAT = dwarf;
				ENABLE_STRICT_OBJC_MSGSEND = YES;
				ENABLE_TESTABILITY = YES;
				GCC_C_LANGUAGE_STANDARD = gnu11;
				GCC_DYNAMIC_NO_PIC = NO;
				GCC_NO_COMMON_BLOCKS = YES;
				GCC_OPTIMIZATION_LEVEL = 0;
				GCC_PREPROCESSOR_DEFINITIONS = (
					"DEBUG=1",
					"$(inherited)",
				);
				GCC_WARN_64_TO_32_BIT_CONVERSION = YES;
				GCC_WARN_ABOUT_RETURN_TYPE = YES_ERROR;
				GCC_WARN_UNDECLARED_SELECTOR = YES;
				GCC_WARN_UNINITIALIZED_AUTOS = YES_AGGRESSIVE;
				GCC_WARN_UNUSED_FUNCTION = YES;
				GCC_WARN_UNUSED_VARIABLE = YES;
				IPHONEOS_DEPLOYMENT_TARGET = 12.1;
				MTL_ENABLE_DEBUG_INFO = INCLUDE_SOURCE;
				MTL_FAST_MATH = YES;
				ONLY_ACTIVE_ARCH = YES;
				SDKROOT = iphoneos;
				SWIFT_ACTIVE_COMPILATION_CONDITIONS = DEBUG;
				SWIFT_OPTIMIZATION_LEVEL = "-Onone";
			};
			name = Debug;
		};
		84D26C2522428C2C0007DBFA /* Release */ = {
			isa = XCBuildConfiguration;
			buildSettings = {
				ALWAYS_SEARCH_USER_PATHS = NO;
				CLANG_ANALYZER_NONNULL = YES;
				CLANG_ANALYZER_NUMBER_OBJECT_CONVERSION = YES_AGGRESSIVE;
				CLANG_CXX_LANGUAGE_STANDARD = "gnu++14";
				CLANG_CXX_LIBRARY = "libc++";
				CLANG_ENABLE_MODULES = YES;
				CLANG_ENABLE_OBJC_ARC = YES;
				CLANG_ENABLE_OBJC_WEAK = YES;
				CLANG_WARN_BLOCK_CAPTURE_AUTORELEASING = YES;
				CLANG_WARN_BOOL_CONVERSION = YES;
				CLANG_WARN_COMMA = YES;
				CLANG_WARN_CONSTANT_CONVERSION = YES;
				CLANG_WARN_DEPRECATED_OBJC_IMPLEMENTATIONS = YES;
				CLANG_WARN_DIRECT_OBJC_ISA_USAGE = YES_ERROR;
				CLANG_WARN_DOCUMENTATION_COMMENTS = YES;
				CLANG_WARN_EMPTY_BODY = YES;
				CLANG_WARN_ENUM_CONVERSION = YES;
				CLANG_WARN_INFINITE_RECURSION = YES;
				CLANG_WARN_INT_CONVERSION = YES;
				CLANG_WARN_NON_LITERAL_NULL_CONVERSION = YES;
				CLANG_WARN_OBJC_IMPLICIT_RETAIN_SELF = YES;
				CLANG_WARN_OBJC_LITERAL_CONVERSION = YES;
				CLANG_WARN_OBJC_ROOT_CLASS = YES_ERROR;
				CLANG_WARN_RANGE_LOOP_ANALYSIS = YES;
				CLANG_WARN_STRICT_PROTOTYPES = YES;
				CLANG_WARN_SUSPICIOUS_MOVE = YES;
				CLANG_WARN_UNGUARDED_AVAILABILITY = YES_AGGRESSIVE;
				CLANG_WARN_UNREACHABLE_CODE = YES;
				CLANG_WARN__DUPLICATE_METHOD_MATCH = YES;
				CODE_SIGN_IDENTITY = "iPhone Developer";
				COPY_PHASE_STRIP = NO;
				DEBUG_INFORMATION_FORMAT = "dwarf-with-dsym";
				ENABLE_NS_ASSERTIONS = NO;
				ENABLE_STRICT_OBJC_MSGSEND = YES;
				GCC_C_LANGUAGE_STANDARD = gnu11;
				GCC_NO_COMMON_BLOCKS = YES;
				GCC_WARN_64_TO_32_BIT_CONVERSION = YES;
				GCC_WARN_ABOUT_RETURN_TYPE = YES_ERROR;
				GCC_WARN_UNDECLARED_SELECTOR = YES;
				GCC_WARN_UNINITIALIZED_AUTOS = YES_AGGRESSIVE;
				GCC_WARN_UNUSED_FUNCTION = YES;
				GCC_WARN_UNUSED_VARIABLE = YES;
				IPHONEOS_DEPLOYMENT_TARGET = 12.1;
				MTL_ENABLE_DEBUG_INFO = NO;
				MTL_FAST_MATH = YES;
				SDKROOT = iphoneos;
				SWIFT_COMPILATION_MODE = wholemodule;
				SWIFT_OPTIMIZATION_LEVEL = "-O";
				VALIDATE_PRODUCT = YES;
			};
			name = Release;
		};
		84D26C2722428C2C0007DBFA /* Debug */ = {
			isa = XCBuildConfiguration;
			buildSettings = {
				ASSETCATALOG_COMPILER_APPICON_NAME = AppIcon;
				CODE_SIGN_STYLE = Automatic;
				DEVELOPMENT_TEAM = YR78UHPG2L;
				INFOPLIST_FILE = WarFly/Info.plist;
				LD_RUNPATH_SEARCH_PATHS = (
					"$(inherited)",
					"@executable_path/Frameworks",
				);
				PRODUCT_BUNDLE_IDENTIFIER = hulkCrush.WarFly;
				PRODUCT_NAME = "$(TARGET_NAME)";
				SWIFT_VERSION = 4.2;
				TARGETED_DEVICE_FAMILY = "1,2";
			};
			name = Debug;
		};
		84D26C2822428C2C0007DBFA /* Release */ = {
			isa = XCBuildConfiguration;
			buildSettings = {
				ASSETCATALOG_COMPILER_APPICON_NAME = AppIcon;
				CODE_SIGN_STYLE = Automatic;
				DEVELOPMENT_TEAM = YR78UHPG2L;
				INFOPLIST_FILE = WarFly/Info.plist;
				LD_RUNPATH_SEARCH_PATHS = (
					"$(inherited)",
					"@executable_path/Frameworks",
				);
				PRODUCT_BUNDLE_IDENTIFIER = hulkCrush.WarFly;
				PRODUCT_NAME = "$(TARGET_NAME)";
				SWIFT_VERSION = 4.2;
				TARGETED_DEVICE_FAMILY = "1,2";
			};
			name = Release;
		};
/* End XCBuildConfiguration section */

/* Begin XCConfigurationList section */
		84D26C0922428C2B0007DBFA /* Build configuration list for PBXProject "WarFly" */ = {
			isa = XCConfigurationList;
			buildConfigurations = (
				84D26C2422428C2C0007DBFA /* Debug */,
				84D26C2522428C2C0007DBFA /* Release */,
			);
			defaultConfigurationIsVisible = 0;
			defaultConfigurationName = Release;
		};
		84D26C2622428C2C0007DBFA /* Build configuration list for PBXNativeTarget "WarFly" */ = {
			isa = XCConfigurationList;
			buildConfigurations = (
				84D26C2722428C2C0007DBFA /* Debug */,
				84D26C2822428C2C0007DBFA /* Release */,
			);
			defaultConfigurationIsVisible = 0;
			defaultConfigurationName = Release;
		};
/* End XCConfigurationList section */
	};
	rootObject = 84D26C0622428C2B0007DBFA /* Project object */;
}
